
Microsoft Visual Studio Solution File, Format Version 12.00
# Visual Studio Version 17
VisualStudioVersion = 17.3.32825.248
MinimumVisualStudioVersion = 10.0.40219.1
Project("{FAE04EC0-301F-11D3-BF4B-00C04F79EFBC}") = "Fall2022 Hello World", "Fall2022 Hello World\Fall2022 Hello World.csproj", "{B8A9D7DF-2CF6-4F5D-AFA4-2123F01EB24E}"
EndProject
Global
	GlobalSection(SolutionConfigurationPlatforms) = preSolution
		Debug|Any CPU = Debug|Any CPU
		Release|Any CPU = Release|Any CPU
	EndGlobalSection
	GlobalSection(ProjectConfigurationPlatforms) = postSolution
		{B8A9D7DF-2CF6-4F5D-AFA4-2123F01EB24E}.Debug|Any CPU.ActiveCfg = Debug|Any CPU
		{B8A9D7DF-2CF6-4F5D-AFA4-2123F01EB24E}.Debug|Any CPU.Build.0 = Debug|Any CPU
		{B8A9D7DF-2CF6-4F5D-AFA4-2123F01EB24E}.Release|Any CPU.ActiveCfg = Release|Any CPU
		{B8A9D7DF-2CF6-4F5D-AFA4-2123F01EB24E}.Release|Any CPU.Build.0 = Release|Any CPU
	EndGlobalSection
	GlobalSection(SolutionProperties) = preSolution
		HideSolutionNode = FALSE
	EndGlobalSection
	GlobalSection(ExtensibilityGlobals) = postSolution
		SolutionGuid = {A911BD7F-E5AC-4A08-89DF-720F08F3FCB7}
	EndGlobalSection
EndGlobal
